
Microsoft Visual Studio Solution File, Format Version 12.00
# Visual Studio Version 17
VisualStudioVersion = 17.3.32929.385
MinimumVisualStudioVersion = 10.0.40219.1
Project("{FAE04EC0-301F-11D3-BF4B-00C04F79EFBC}") = "Norton_Commander", "Norton_Commander.csproj", "{FF241CA3-1A54-43B8-9B20-2B537ABE8693}"
EndProject
Global
	GlobalSection(SolutionConfigurationPlatforms) = preSolution
		Debug|Any CPU = Debug|Any CPU
		Release|Any CPU = Release|Any CPU
	EndGlobalSection
	GlobalSection(ProjectConfigurationPlatforms) = postSolution
		{FF241CA3-1A54-43B8-9B20-2B537ABE8693}.Debug|Any CPU.ActiveCfg = Debug|Any CPU
		{FF241CA3-1A54-43B8-9B20-2B537ABE8693}.Debug|Any CPU.Build.0 = Debug|Any CPU
		{FF241CA3-1A54-43B8-9B20-2B537ABE8693}.Release|Any CPU.ActiveCfg = Release|Any CPU
		{FF241CA3-1A54-43B8-9B20-2B537ABE8693}.Release|Any CPU.Build.0 = Release|Any CPU
	EndGlobalSection
	GlobalSection(SolutionProperties) = preSolution
		HideSolutionNode = FALSE
	EndGlobalSection
	GlobalSection(ExtensibilityGlobals) = postSolution
		SolutionGuid = {0403295C-BA13-482A-801B-556A4CF937E4}
	EndGlobalSection
EndGlobal
